
Microsoft Visual Studio Solution File, Format Version 12.00
# Visual Studio Version 17
VisualStudioVersion = 17.14.36414.22
MinimumVisualStudioVersion = 10.0.40219.1
Project("{2150E333-8FDC-42A3-9474-1A3956D46DE8}") = "Task0", "Task0", "{02EA681E-C7D8-13C7-8484-4AC65E1B71E8}"
EndProject
Project("{FAE04EC0-301F-11D3-BF4B-00C04F79EFBC}") = "Tyuiu.Kazhahmetov.Sprint1.Task0.V16", "Tyuiu.Kazhahmetov.Sprint1.Task0.V16\Tyuiu.Kazhahmetov.Sprint1.Task0.V16.csproj", "{C5AF8362-468F-4512-990A-6DC8B8A8D423}"
EndProject
Project("{FAE04EC0-301F-11D3-BF4B-00C04F79EFBC}") = "Tyuiu.Kazhahmetov.Sprint1.Task0.V16.Lib", "Tyuiu.Kazhahmetov.Sprint1.Task0.V16.Lib\Tyuiu.Kazhahmetov.Sprint1.Task0.V16.Lib.csproj", "{93AE9EAE-C661-4FAB-B18E-0FC04CD7F764}"
EndProject
Project("{FAE04EC0-301F-11D3-BF4B-00C04F79EFBC}") = "Tyuiu.Kazhahmetov.Sprint1.Task0.V16.Test", "Tyuiu.Kazhahmetov.Sprint1.Task0.V16.Test\Tyuiu.Kazhahmetov.Sprint1.Task0.V16.Test.csproj", "{388D5B57-2287-481B-A2E4-2AE2B27CD172}"
EndProject
Project("{2150E333-8FDC-42A3-9474-1A3956D46DE8}") = "Task1", "Task1", "{9112F909-AA8C-4B1A-9D9E-0634961F6805}"
EndProject
Project("{FAE04EC0-301F-11D3-BF4B-00C04F79EFBC}") = "Tyuiu.Kazhahmetov.Sprint1.Task1.V1", "Tyuiu.Kazhahmetov.Sprint1.Task1.V1\Tyuiu.Kazhahmetov.Sprint1.Task1.V1.csproj", "{F7061CC1-0737-4A86-A443-3DB0B1EE4043}"
EndProject
Project("{FAE04EC0-301F-11D3-BF4B-00C04F79EFBC}") = "Tyuiu.Kazhahmetov.Sprint1.Task1.V1.Test", "Tyuiu.Kazhahmetov.Sprint1.Task1.V1.Test\Tyuiu.Kazhahmetov.Sprint1.Task1.V1.Test.csproj", "{F2128663-E413-4136-BFE4-928B34013259}"
EndProject
Project("{FAE04EC0-301F-11D3-BF4B-00C04F79EFBC}") = "Tyuiu.Kazhahmetov.Sprint1.Task1.V1.Lib", "Tyuiu.Kazhahmetov.Sprint1.Task1.V1.Lib\Tyuiu.Kazhahmetov.Sprint1.Task1.V1.Lib.csproj", "{2B41ED5E-D7FF-4A50-AA9E-9F514E92AD44}"
EndProject
Project("{2150E333-8FDC-42A3-9474-1A3956D46DE8}") = "Task2", "Task2", "{C342B302-637D-4352-A124-C01F9DA9B210}"
EndProject
Project("{FAE04EC0-301F-11D3-BF4B-00C04F79EFBC}") = "Tyuiu.Kazhahmetov.Sprint1.Task2.V26", "Tyuiu.Kazhahmetov.Sprint1.Task2.V26\Tyuiu.Kazhahmetov.Sprint1.Task2.V26.csproj", "{7CC61F8B-B0A3-4649-AAEC-60B0D626F39A}"
EndProject
Project("{FAE04EC0-301F-11D3-BF4B-00C04F79EFBC}") = "Tyuiu.Kazhahmetov.Sprint1.Task2.V26.Lib", "Tyuiu.Kazhahmetov.Sprint1.Task2.V26.Lib\Tyuiu.Kazhahmetov.Sprint1.Task2.V26.Lib.csproj", "{60E54044-34B7-4518-A9AB-4955006691E9}"
EndProject
Project("{FAE04EC0-301F-11D3-BF4B-00C04F79EFBC}") = "Tyuiu.Kazhahmetov.Sprint1.Task2.V26.Test", "Tyuiu.Kazhahmetov.Sprint1.Task2.V26.Test\Tyuiu.Kazhahmetov.Sprint1.Task2.V26.Test.csproj", "{58295E52-9A74-491A-89EE-0A7D57346271}"
EndProject
Project("{2150E333-8FDC-42A3-9474-1A3956D46DE8}") = "Task3", "Task3", "{D8536019-81DB-4247-A6F7-9D756324DCAB}"
EndProject
Project("{FAE04EC0-301F-11D3-BF4B-00C04F79EFBC}") = "Tyuiu.Kazhahmetov.Sprint1.Task3.V4", "Tyuiu.Kazhahmetov.Sprint1.Task3.V4\Tyuiu.Kazhahmetov.Sprint1.Task3.V4.csproj", "{ADD77F91-1F03-4108-BA53-2C3BB2825464}"
EndProject
Project("{FAE04EC0-301F-11D3-BF4B-00C04F79EFBC}") = "Tyuiu.Kazhahmetov.Sprint1.Task3.V4.Lib", "Tyuiu.Kazhahmetov.Sprint1.Task3.V4.Lib\Tyuiu.Kazhahmetov.Sprint1.Task3.V4.Lib.csproj", "{A121C1A7-6A40-4FED-8CA4-4A4CAE13732B}"
EndProject
Project("{FAE04EC0-301F-11D3-BF4B-00C04F79EFBC}") = "Tyuiu.Kazhahmetov.Sprint1.Task3.V4.Test", "Tyuiu.Kazhahmetov.Sprint1.Task3.V4.Test\Tyuiu.Kazhahmetov.Sprint1.Task3.V4.Test.csproj", "{411E09BA-D5A6-4419-B531-C4809A8BF345}"
EndProject
Project("{2150E333-8FDC-42A3-9474-1A3956D46DE8}") = "Task4", "Task4", "{FD35AA7A-099A-4315-A4F7-55B0A4C829F3}"
EndProject
Project("{FAE04EC0-301F-11D3-BF4B-00C04F79EFBC}") = "Tyuiu.Kazhahmetov.Sprint1.Task4.V29", "Tyuiu.Kazhahmetov.Sprint1.Task4.V29\Tyuiu.Kazhahmetov.Sprint1.Task4.V29.csproj", "{3D4AA360-1C0F-4B20-B6E9-3F0A0CFCEECC}"
EndProject
Project("{FAE04EC0-301F-11D3-BF4B-00C04F79EFBC}") = "Tyuiu.Kazhahmetov.Sprint1.Task4.V29.Test", "Tyuiu.Kazhahmetov.Sprint1.Task4.V29.Test\Tyuiu.Kazhahmetov.Sprint1.Task4.V29.Test.csproj", "{9BB6DCA3-DEAD-4DC9-907B-24117682FF4B}"
EndProject
Project("{FAE04EC0-301F-11D3-BF4B-00C04F79EFBC}") = "Tyuiu.Kazhahmetov.Sprint1.Task4.V29.Lib", "Tyuiu.Kazhahmetov.Sprint1.Task4.V29.Lib\Tyuiu.Kazhahmetov.Sprint1.Task4.V29.Lib.csproj", "{685F4267-9D9B-4DA8-B356-AC15D72B0D3B}"
EndProject
Project("{2150E333-8FDC-42A3-9474-1A3956D46DE8}") = "Task5", "Task5", "{0E2623D6-7424-4351-83C1-0A63D3125F41}"
EndProject
Project("{FAE04EC0-301F-11D3-BF4B-00C04F79EFBC}") = "Tyuiu.Kazhahmetov.Sprint1.Task5.V5", "Tyuiu.Kazhahmetov.Sprint1.Task5.V5\Tyuiu.Kazhahmetov.Sprint1.Task5.V5.csproj", "{C30437B9-6147-453D-A2C9-84346DDEEF61}"
EndProject
Project("{FAE04EC0-301F-11D3-BF4B-00C04F79EFBC}") = "Tyuiu.Kazhahmetov.Sprint1.Task5.V5.Lib", "Tyuiu.Kazhahmetov.Sprint1.Task5.V5.Lib\Tyuiu.Kazhahmetov.Sprint1.Task5.V5.Lib.csproj", "{53C36E6E-62DF-4FFF-9AC3-1729F20DEDC2}"
EndProject
Project("{FAE04EC0-301F-11D3-BF4B-00C04F79EFBC}") = "Tyuiu.Kazhahmetov.Sprint1.Task5.V5.Test", "Tyuiu.Kazhahmetov.Sprint1.Task5.V5.Test\Tyuiu.Kazhahmetov.Sprint1.Task5.V5.Test.csproj", "{FEE67D55-50D4-4C73-B5B2-64DDF9E4B113}"
EndProject
Global
	GlobalSection(SolutionConfigurationPlatforms) = preSolution
		Debug|Any CPU = Debug|Any CPU
		Release|Any CPU = Release|Any CPU
	EndGlobalSection
	GlobalSection(ProjectConfigurationPlatforms) = postSolution
		{C5AF8362-468F-4512-990A-6DC8B8A8D423}.Debug|Any CPU.ActiveCfg = Debug|Any CPU
		{C5AF8362-468F-4512-990A-6DC8B8A8D423}.Debug|Any CPU.Build.0 = Debug|Any CPU
		{C5AF8362-468F-4512-990A-6DC8B8A8D423}.Release|Any CPU.ActiveCfg = Release|Any CPU
		{C5AF8362-468F-4512-990A-6DC8B8A8D423}.Release|Any CPU.Build.0 = Release|Any CPU
		{93AE9EAE-C661-4FAB-B18E-0FC04CD7F764}.Debug|Any CPU.ActiveCfg = Debug|Any CPU
		{93AE9EAE-C661-4FAB-B18E-0FC04CD7F764}.Debug|Any CPU.Build.0 = Debug|Any CPU
		{93AE9EAE-C661-4FAB-B18E-0FC04CD7F764}.Release|Any CPU.ActiveCfg = Release|Any CPU
		{93AE9EAE-C661-4FAB-B18E-0FC04CD7F764}.Release|Any CPU.Build.0 = Release|Any CPU
		{388D5B57-2287-481B-A2E4-2AE2B27CD172}.Debug|Any CPU.ActiveCfg = Debug|Any CPU
		{388D5B57-2287-481B-A2E4-2AE2B27CD172}.Debug|Any CPU.Build.0 = Debug|Any CPU
		{388D5B57-2287-481B-A2E4-2AE2B27CD172}.Release|Any CPU.ActiveCfg = Release|Any CPU
		{388D5B57-2287-481B-A2E4-2AE2B27CD172}.Release|Any CPU.Build.0 = Release|Any CPU
		{F7061CC1-0737-4A86-A443-3DB0B1EE4043}.Debug|Any CPU.ActiveCfg = Debug|Any CPU
		{F7061CC1-0737-4A86-A443-3DB0B1EE4043}.Debug|Any CPU.Build.0 = Debug|Any CPU
		{F7061CC1-0737-4A86-A443-3DB0B1EE4043}.Release|Any CPU.ActiveCfg = Release|Any CPU
		{F7061CC1-0737-4A86-A443-3DB0B1EE4043}.Release|Any CPU.Build.0 = Release|Any CPU
		{F2128663-E413-4136-BFE4-928B34013259}.Debug|Any CPU.ActiveCfg = Debug|Any CPU
		{F2128663-E413-4136-BFE4-928B34013259}.Debug|Any CPU.Build.0 = Debug|Any CPU
		{F2128663-E413-4136-BFE4-928B34013259}.Release|Any CPU.ActiveCfg = Release|Any CPU
		{F2128663-E413-4136-BFE4-928B34013259}.Release|Any CPU.Build.0 = Release|Any CPU
		{2B41ED5E-D7FF-4A50-AA9E-9F514E92AD44}.Debug|Any CPU.ActiveCfg = Debug|Any CPU
		{2B41ED5E-D7FF-4A50-AA9E-9F514E92AD44}.Debug|Any CPU.Build.0 = Debug|Any CPU
		{2B41ED5E-D7FF-4A50-AA9E-9F514E92AD44}.Release|Any CPU.ActiveCfg = Release|Any CPU
		{2B41ED5E-D7FF-4A50-AA9E-9F514E92AD44}.Release|Any CPU.Build.0 = Release|Any CPU
		{7CC61F8B-B0A3-4649-AAEC-60B0D626F39A}.Debug|Any CPU.ActiveCfg = Debug|Any CPU
		{7CC61F8B-B0A3-4649-AAEC-60B0D626F39A}.Debug|Any CPU.Build.0 = Debug|Any CPU
		{7CC61F8B-B0A3-4649-AAEC-60B0D626F39A}.Release|Any CPU.ActiveCfg = Release|Any CPU
		{7CC61F8B-B0A3-4649-AAEC-60B0D626F39A}.Release|Any CPU.Build.0 = Release|Any CPU
		{60E54044-34B7-4518-A9AB-4955006691E9}.Debug|Any CPU.ActiveCfg = Debug|Any CPU
		{60E54044-34B7-4518-A9AB-4955006691E9}.Debug|Any CPU.Build.0 = Debug|Any CPU
		{60E54044-34B7-4518-A9AB-4955006691E9}.Release|Any CPU.ActiveCfg = Release|Any CPU
		{60E54044-34B7-4518-A9AB-4955006691E9}.Release|Any CPU.Build.0 = Release|Any CPU
		{58295E52-9A74-491A-89EE-0A7D57346271}.Debug|Any CPU.ActiveCfg = Debug|Any CPU
		{58295E52-9A74-491A-89EE-0A7D57346271}.Debug|Any CPU.Build.0 = Debug|Any CPU
		{58295E52-9A74-491A-89EE-0A7D57346271}.Release|Any CPU.ActiveCfg = Release|Any CPU
		{58295E52-9A74-491A-89EE-0A7D57346271}.Release|Any CPU.Build.0 = Release|Any CPU
		{ADD77F91-1F03-4108-BA53-2C3BB2825464}.Debug|Any CPU.ActiveCfg = Debug|Any CPU
		{ADD77F91-1F03-4108-BA53-2C3BB2825464}.Debug|Any CPU.Build.0 = Debug|Any CPU
		{ADD77F91-1F03-4108-BA53-2C3BB2825464}.Release|Any CPU.ActiveCfg = Release|Any CPU
		{ADD77F91-1F03-4108-BA53-2C3BB2825464}.Release|Any CPU.Build.0 = Release|Any CPU
		{A121C1A7-6A40-4FED-8CA4-4A4CAE13732B}.Debug|Any CPU.ActiveCfg = Debug|Any CPU
		{A121C1A7-6A40-4FED-8CA4-4A4CAE13732B}.Debug|Any CPU.Build.0 = Debug|Any CPU
		{A121C1A7-6A40-4FED-8CA4-4A4CAE13732B}.Release|Any CPU.ActiveCfg = Release|Any CPU
		{A121C1A7-6A40-4FED-8CA4-4A4CAE13732B}.Release|Any CPU.Build.0 = Release|Any CPU
		{411E09BA-D5A6-4419-B531-C4809A8BF345}.Debug|Any CPU.ActiveCfg = Debug|Any CPU
		{411E09BA-D5A6-4419-B531-C4809A8BF345}.Debug|Any CPU.Build.0 = Debug|Any CPU
		{411E09BA-D5A6-4419-B531-C4809A8BF345}.Release|Any CPU.ActiveCfg = Release|Any CPU
		{411E09BA-D5A6-4419-B531-C4809A8BF345}.Release|Any CPU.Build.0 = Release|Any CPU
		{3D4AA360-1C0F-4B20-B6E9-3F0A0CFCEECC}.Debug|Any CPU.ActiveCfg = Debug|Any CPU
		{3D4AA360-1C0F-4B20-B6E9-3F0A0CFCEECC}.Debug|Any CPU.Build.0 = Debug|Any CPU
		{3D4AA360-1C0F-4B20-B6E9-3F0A0CFCEECC}.Release|Any CPU.ActiveCfg = Release|Any CPU
		{3D4AA360-1C0F-4B20-B6E9-3F0A0CFCEECC}.Release|Any CPU.Build.0 = Release|Any CPU
		{9BB6DCA3-DEAD-4DC9-907B-24117682FF4B}.Debug|Any CPU.ActiveCfg = Debug|Any CPU
		{9BB6DCA3-DEAD-4DC9-907B-24117682FF4B}.Debug|Any CPU.Build.0 = Debug|Any CPU
		{9BB6DCA3-DEAD-4DC9-907B-24117682FF4B}.Release|Any CPU.ActiveCfg = Release|Any CPU
		{9BB6DCA3-DEAD-4DC9-907B-24117682FF4B}.Release|Any CPU.Build.0 = Release|Any CPU
		{685F4267-9D9B-4DA8-B356-AC15D72B0D3B}.Debug|Any CPU.ActiveCfg = Debug|Any CPU
		{685F4267-9D9B-4DA8-B356-AC15D72B0D3B}.Debug|Any CPU.Build.0 = Debug|Any CPU
		{685F4267-9D9B-4DA8-B356-AC15D72B0D3B}.Release|Any CPU.ActiveCfg = Release|Any CPU
		{685F4267-9D9B-4DA8-B356-AC15D72B0D3B}.Release|Any CPU.Build.0 = Release|Any CPU
		{C30437B9-6147-453D-A2C9-84346DDEEF61}.Debug|Any CPU.ActiveCfg = Debug|Any CPU
		{C30437B9-6147-453D-A2C9-84346DDEEF61}.Debug|Any CPU.Build.0 = Debug|Any CPU
		{C30437B9-6147-453D-A2C9-84346DDEEF61}.Release|Any CPU.ActiveCfg = Release|Any CPU
		{C30437B9-6147-453D-A2C9-84346DDEEF61}.Release|Any CPU.Build.0 = Release|Any CPU
		{53C36E6E-62DF-4FFF-9AC3-1729F20DEDC2}.Debug|Any CPU.ActiveCfg = Debug|Any CPU
		{53C36E6E-62DF-4FFF-9AC3-1729F20DEDC2}.Debug|Any CPU.Build.0 = Debug|Any CPU
		{53C36E6E-62DF-4FFF-9AC3-1729F20DEDC2}.Release|Any CPU.ActiveCfg = Release|Any CPU
		{53C36E6E-62DF-4FFF-9AC3-1729F20DEDC2}.Release|Any CPU.Build.0 = Release|Any CPU
		{FEE67D55-50D4-4C73-B5B2-64DDF9E4B113}.Debug|Any CPU.ActiveCfg = Debug|Any CPU
		{FEE67D55-50D4-4C73-B5B2-64DDF9E4B113}.Debug|Any CPU.Build.0 = Debug|Any CPU
		{FEE67D55-50D4-4C73-B5B2-64DDF9E4B113}.Release|Any CPU.ActiveCfg = Release|Any CPU
		{FEE67D55-50D4-4C73-B5B2-64DDF9E4B113}.Release|Any CPU.Build.0 = Release|Any CPU
	EndGlobalSection
	GlobalSection(SolutionProperties) = preSolution
		HideSolutionNode = FALSE
	EndGlobalSection
	GlobalSection(NestedProjects) = preSolution
		{C5AF8362-468F-4512-990A-6DC8B8A8D423} = {02EA681E-C7D8-13C7-8484-4AC65E1B71E8}
		{93AE9EAE-C661-4FAB-B18E-0FC04CD7F764} = {02EA681E-C7D8-13C7-8484-4AC65E1B71E8}
		{388D5B57-2287-481B-A2E4-2AE2B27CD172} = {02EA681E-C7D8-13C7-8484-4AC65E1B71E8}
		{F7061CC1-0737-4A86-A443-3DB0B1EE4043} = {9112F909-AA8C-4B1A-9D9E-0634961F6805}
		{F2128663-E413-4136-BFE4-928B34013259} = {9112F909-AA8C-4B1A-9D9E-0634961F6805}
		{2B41ED5E-D7FF-4A50-AA9E-9F514E92AD44} = {9112F909-AA8C-4B1A-9D9E-0634961F6805}
		{7CC61F8B-B0A3-4649-AAEC-60B0D626F39A} = {C342B302-637D-4352-A124-C01F9DA9B210}
		{60E54044-34B7-4518-A9AB-4955006691E9} = {C342B302-637D-4352-A124-C01F9DA9B210}
		{58295E52-9A74-491A-89EE-0A7D57346271} = {C342B302-637D-4352-A124-C01F9DA9B210}
		{ADD77F91-1F03-4108-BA53-2C3BB2825464} = {D8536019-81DB-4247-A6F7-9D756324DCAB}
		{A121C1A7-6A40-4FED-8CA4-4A4CAE13732B} = {D8536019-81DB-4247-A6F7-9D756324DCAB}
		{411E09BA-D5A6-4419-B531-C4809A8BF345} = {D8536019-81DB-4247-A6F7-9D756324DCAB}
		{3D4AA360-1C0F-4B20-B6E9-3F0A0CFCEECC} = {FD35AA7A-099A-4315-A4F7-55B0A4C829F3}
		{9BB6DCA3-DEAD-4DC9-907B-24117682FF4B} = {FD35AA7A-099A-4315-A4F7-55B0A4C829F3}
		{685F4267-9D9B-4DA8-B356-AC15D72B0D3B} = {FD35AA7A-099A-4315-A4F7-55B0A4C829F3}
		{C30437B9-6147-453D-A2C9-84346DDEEF61} = {0E2623D6-7424-4351-83C1-0A63D3125F41}
		{53C36E6E-62DF-4FFF-9AC3-1729F20DEDC2} = {0E2623D6-7424-4351-83C1-0A63D3125F41}
		{FEE67D55-50D4-4C73-B5B2-64DDF9E4B113} = {0E2623D6-7424-4351-83C1-0A63D3125F41}
	EndGlobalSection
	GlobalSection(ExtensibilityGlobals) = postSolution
		SolutionGuid = {71C6E1EA-6BCF-4344-9D7D-B7D2D76894E6}
	EndGlobalSection
EndGlobal
